
Microsoft Visual Studio Solution File, Format Version 12.00
# Visual Studio Version 17
VisualStudioVersion = 17.13.35931.197 d17.13
MinimumVisualStudioVersion = 10.0.40219.1
Project("{FAE04EC0-301F-11D3-BF4B-00C04F79EFBC}") = "DataBindingWPF", "DataBindingWPF.csproj", "{FB2D221C-8F1C-4F11-8B34-98AAB80E781D}"
EndProject
Global
	GlobalSection(SolutionConfigurationPlatforms) = preSolution
		Debug|Any CPU = Debug|Any CPU
		Release|Any CPU = Release|Any CPU
	EndGlobalSection
	GlobalSection(ProjectConfigurationPlatforms) = postSolution
		{FB2D221C-8F1C-4F11-8B34-98AAB80E781D}.Debug|Any CPU.ActiveCfg = Debug|Any CPU
		{FB2D221C-8F1C-4F11-8B34-98AAB80E781D}.Debug|Any CPU.Build.0 = Debug|Any CPU
		{FB2D221C-8F1C-4F11-8B34-98AAB80E781D}.Release|Any CPU.ActiveCfg = Release|Any CPU
		{FB2D221C-8F1C-4F11-8B34-98AAB80E781D}.Release|Any CPU.Build.0 = Release|Any CPU
	EndGlobalSection
	GlobalSection(SolutionProperties) = preSolution
		HideSolutionNode = FALSE
	EndGlobalSection
	GlobalSection(ExtensibilityGlobals) = postSolution
		SolutionGuid = {3BCA470F-C890-47B0-8FD3-AC31186FC2DB}
	EndGlobalSection
EndGlobal
